
Microsoft Visual Studio Solution File, Format Version 12.00
# Visual Studio Version 16
VisualStudioVersion = 16.0.29509.3
MinimumVisualStudioVersion = 10.0.40219.1
Project("{FAE04EC0-301F-11D3-BF4B-00C04F79EFBC}") = "dietapi", "dietapi\dietapi.csproj", "{6156069C-1B9B-4C31-8A80-BE82D23AF215}"
EndProject
Global
	GlobalSection(SolutionConfigurationPlatforms) = preSolution
		Debug|Any CPU = Debug|Any CPU
		Release|Any CPU = Release|Any CPU
	EndGlobalSection
	GlobalSection(ProjectConfigurationPlatforms) = postSolution
		{6156069C-1B9B-4C31-8A80-BE82D23AF215}.Debug|Any CPU.ActiveCfg = Debug|Any CPU
		{6156069C-1B9B-4C31-8A80-BE82D23AF215}.Debug|Any CPU.Build.0 = Debug|Any CPU
		{6156069C-1B9B-4C31-8A80-BE82D23AF215}.Release|Any CPU.ActiveCfg = Release|Any CPU
		{6156069C-1B9B-4C31-8A80-BE82D23AF215}.Release|Any CPU.Build.0 = Release|Any CPU
	EndGlobalSection
	GlobalSection(SolutionProperties) = preSolution
		HideSolutionNode = FALSE
	EndGlobalSection
	GlobalSection(ExtensibilityGlobals) = postSolution
		SolutionGuid = {46707424-46A6-44AF-80F3-ACB741B30399}
	EndGlobalSection
EndGlobal
